
Microsoft Visual Studio Solution File, Format Version 12.00
# Visual Studio Version 17
VisualStudioVersion = 17.0.32112.339
MinimumVisualStudioVersion = 10.0.40219.1
Project("{9A19103F-16F7-4668-BE54-9A1E7A4F7556}") = "ConsultCountries.API", "ConsultCountries.API\ConsultCountries.API.csproj", "{6C7CB33A-BAE6-400E-A155-7C65B17F828A}"
EndProject
Project("{FAE04EC0-301F-11D3-BF4B-00C04F79EFBC}") = "ConsultCountries.Domain", "ConsultCountries.Domain\ConsultCountries.Domain.csproj", "{A7CAD6E5-0E3D-477D-8571-BE1A9D92813A}"
EndProject
Project("{FAE04EC0-301F-11D3-BF4B-00C04F79EFBC}") = "ConsultCountries.Test", "ConsultCountries.Test\ConsultCountries.Test.csproj", "{937E2AA0-9B72-407A-BD18-2176C2FBC0B8}"
EndProject
Global
	GlobalSection(SolutionConfigurationPlatforms) = preSolution
		Debug|Any CPU = Debug|Any CPU
		Release|Any CPU = Release|Any CPU
	EndGlobalSection
	GlobalSection(ProjectConfigurationPlatforms) = postSolution
		{6C7CB33A-BAE6-400E-A155-7C65B17F828A}.Debug|Any CPU.ActiveCfg = Debug|Any CPU
		{6C7CB33A-BAE6-400E-A155-7C65B17F828A}.Debug|Any CPU.Build.0 = Debug|Any CPU
		{6C7CB33A-BAE6-400E-A155-7C65B17F828A}.Release|Any CPU.ActiveCfg = Release|Any CPU
		{6C7CB33A-BAE6-400E-A155-7C65B17F828A}.Release|Any CPU.Build.0 = Release|Any CPU
		{A7CAD6E5-0E3D-477D-8571-BE1A9D92813A}.Debug|Any CPU.ActiveCfg = Debug|Any CPU
		{A7CAD6E5-0E3D-477D-8571-BE1A9D92813A}.Debug|Any CPU.Build.0 = Debug|Any CPU
		{A7CAD6E5-0E3D-477D-8571-BE1A9D92813A}.Release|Any CPU.ActiveCfg = Release|Any CPU
		{A7CAD6E5-0E3D-477D-8571-BE1A9D92813A}.Release|Any CPU.Build.0 = Release|Any CPU
		{937E2AA0-9B72-407A-BD18-2176C2FBC0B8}.Debug|Any CPU.ActiveCfg = Debug|Any CPU
		{937E2AA0-9B72-407A-BD18-2176C2FBC0B8}.Debug|Any CPU.Build.0 = Debug|Any CPU
		{937E2AA0-9B72-407A-BD18-2176C2FBC0B8}.Release|Any CPU.ActiveCfg = Release|Any CPU
		{937E2AA0-9B72-407A-BD18-2176C2FBC0B8}.Release|Any CPU.Build.0 = Release|Any CPU
	EndGlobalSection
	GlobalSection(SolutionProperties) = preSolution
		HideSolutionNode = FALSE
	EndGlobalSection
	GlobalSection(ExtensibilityGlobals) = postSolution
		SolutionGuid = {3683B4DB-AB85-4225-8A86-651285993604}
	EndGlobalSection
EndGlobal
